
Microsoft Visual Studio Solution File, Format Version 12.00
# Visual Studio Version 17
VisualStudioVersion = 17.2.32602.215
MinimumVisualStudioVersion = 10.0.40219.1
Project("{FAE04EC0-301F-11D3-BF4B-00C04F79EFBC}") = "TicTacToe", "TicTacToe.csproj", "{F5B2F55A-4C70-48DD-8B7E-9E8A9B376DFE}"
EndProject
Project("{54435603-DBB4-11D2-8724-00A0C9A8B90C}") = "MyProjectName", "..\MyProjectName\MyProjectName.vdproj", "{C965EEF6-80D7-4461-AF87-2478542C4381}"
EndProject
Global
	GlobalSection(SolutionConfigurationPlatforms) = preSolution
		Debug|Any CPU = Debug|Any CPU
		Release|Any CPU = Release|Any CPU
	EndGlobalSection
	GlobalSection(ProjectConfigurationPlatforms) = postSolution
		{F5B2F55A-4C70-48DD-8B7E-9E8A9B376DFE}.Debug|Any CPU.ActiveCfg = Debug|Any CPU
		{F5B2F55A-4C70-48DD-8B7E-9E8A9B376DFE}.Debug|Any CPU.Build.0 = Debug|Any CPU
		{F5B2F55A-4C70-48DD-8B7E-9E8A9B376DFE}.Release|Any CPU.ActiveCfg = Release|Any CPU
		{F5B2F55A-4C70-48DD-8B7E-9E8A9B376DFE}.Release|Any CPU.Build.0 = Release|Any CPU
		{C965EEF6-80D7-4461-AF87-2478542C4381}.Debug|Any CPU.ActiveCfg = Debug
		{C965EEF6-80D7-4461-AF87-2478542C4381}.Release|Any CPU.ActiveCfg = Release
	EndGlobalSection
	GlobalSection(SolutionProperties) = preSolution
		HideSolutionNode = FALSE
	EndGlobalSection
	GlobalSection(ExtensibilityGlobals) = postSolution
		SolutionGuid = {ECD30B99-6222-4E4C-842D-764BFBC4627E}
	EndGlobalSection
EndGlobal
